
Microsoft Visual Studio Solution File, Format Version 12.00
# Visual Studio Version 17
VisualStudioVersion = 17.14.36915.13 d17.14
MinimumVisualStudioVersion = 10.0.40219.1
Project("{2150E333-8FDC-42A3-9474-1A3956D46DE8}") = "Core", "Core", "{02EA681E-C7D8-13C7-8484-4AC65E1B71E8}"
EndProject
Project("{2150E333-8FDC-42A3-9474-1A3956D46DE8}") = "Application", "Application", "{AD5DD2C1-18A4-4B5E-AA89-F7FEDD51B0EB}"
EndProject
Project("{2150E333-8FDC-42A3-9474-1A3956D46DE8}") = "Infraestructure", "Infraestructure", "{6C9F3A2B-9F80-4E90-964A-BA5BAAFEB34B}"
EndProject
Project("{2150E333-8FDC-42A3-9474-1A3956D46DE8}") = "API", "API", "{40C5BBE1-82C4-4405-A347-A1EBDFB8D168}"
EndProject
Project("{2150E333-8FDC-42A3-9474-1A3956D46DE8}") = "Desktop", "Desktop", "{592C0491-2C77-4B91-AFB0-34CF12CA59B3}"
EndProject
Project("{2150E333-8FDC-42A3-9474-1A3956D46DE8}") = "Web", "Web", "{ED87F6A9-FA56-46F4-BF6B-A8FE7FDB5244}"
EndProject
Project("{2150E333-8FDC-42A3-9474-1A3956D46DE8}") = "IOC", "IOC", "{7B217A3D-3D20-49AC-B9CD-4814AF701CF8}"
EndProject
Project("{FAE04EC0-301F-11D3-BF4B-00C04F79EFBC}") = "SGC.Domain", "SGC.Domain\SGC.Domain.csproj", "{BB08FC72-3CAF-4831-BCBE-B9389571226C}"
EndProject
Project("{FAE04EC0-301F-11D3-BF4B-00C04F79EFBC}") = "SGC.API", "SGC.API\SGC.API.csproj", "{72CF091B-5CD0-422F-AA5A-DAFD60F3D4B5}"
EndProject
Project("{FAE04EC0-301F-11D3-BF4B-00C04F79EFBC}") = "SGC.Application", "SGC.Application\SGC.Application.csproj", "{D54262B2-7648-4F2D-917D-6923A268CA96}"
EndProject
Project("{FAE04EC0-301F-11D3-BF4B-00C04F79EFBC}") = "SGC.Desktop", "SGC.Desktop\SGC.Desktop.csproj", "{1391478D-AB03-48B5-A8E6-3B1FB04A5D1E}"
EndProject
Project("{FAE04EC0-301F-11D3-BF4B-00C04F79EFBC}") = "SGC.Persistence", "SGC.Persistence\SGC.Persistence.csproj", "{A182891E-AFBE-427F-ACF8-231879A52056}"
EndProject
Project("{FAE04EC0-301F-11D3-BF4B-00C04F79EFBC}") = "SGC.Infraestructure", "SGC.Infraestructure\SGC.Infraestructure.csproj", "{5E7F24E7-BC38-439C-9447-26746D15634B}"
EndProject
Project("{FAE04EC0-301F-11D3-BF4B-00C04F79EFBC}") = "SGC.IOC", "SGC.IOC\SGC.IOC.csproj", "{EEE225B3-471E-4E5C-B200-EB358E5DBF4A}"
EndProject
Project("{54A90642-561A-4BB1-A94E-469ADEE60C69}") = "sgc.web.client", "SGC.Web\sgc.web.client\sgc.web.client.esproj", "{C6FE0345-FBE7-519E-268B-36EA96EE20F6}"
EndProject
Project("{FAE04EC0-301F-11D3-BF4B-00C04F79EFBC}") = "SGC.Web.Server", "SGC.Web\SGC.Web.Server\SGC.Web.Server.csproj", "{0FA524B9-4AD7-4914-B0BE-9DE025187592}"
EndProject
Project("{2150E333-8FDC-42A3-9474-1A3956D46DE8}") = "ApllicationTest", "ApllicationTest", "{C64B781C-54FA-441C-B796-C57803C1FA92}"
EndProject
Project("{FAE04EC0-301F-11D3-BF4B-00C04F79EFBC}") = "SGC.ApplicationTest", "SGC.ApplicationTest\SGC.ApplicationTest.csproj", "{156EB7F6-80FE-4732-BE58-B6F4B54B9DDB}"
EndProject
Global
	GlobalSection(SolutionConfigurationPlatforms) = preSolution
		Debug|Any CPU = Debug|Any CPU
		Release|Any CPU = Release|Any CPU
	EndGlobalSection
	GlobalSection(ProjectConfigurationPlatforms) = postSolution
		{BB08FC72-3CAF-4831-BCBE-B9389571226C}.Debug|Any CPU.ActiveCfg = Debug|Any CPU
		{BB08FC72-3CAF-4831-BCBE-B9389571226C}.Debug|Any CPU.Build.0 = Debug|Any CPU
		{BB08FC72-3CAF-4831-BCBE-B9389571226C}.Release|Any CPU.ActiveCfg = Release|Any CPU
		{BB08FC72-3CAF-4831-BCBE-B9389571226C}.Release|Any CPU.Build.0 = Release|Any CPU
		{72CF091B-5CD0-422F-AA5A-DAFD60F3D4B5}.Debug|Any CPU.ActiveCfg = Debug|Any CPU
		{72CF091B-5CD0-422F-AA5A-DAFD60F3D4B5}.Debug|Any CPU.Build.0 = Debug|Any CPU
		{72CF091B-5CD0-422F-AA5A-DAFD60F3D4B5}.Release|Any CPU.ActiveCfg = Release|Any CPU
		{72CF091B-5CD0-422F-AA5A-DAFD60F3D4B5}.Release|Any CPU.Build.0 = Release|Any CPU
		{D54262B2-7648-4F2D-917D-6923A268CA96}.Debug|Any CPU.ActiveCfg = Debug|Any CPU
		{D54262B2-7648-4F2D-917D-6923A268CA96}.Debug|Any CPU.Build.0 = Debug|Any CPU
		{D54262B2-7648-4F2D-917D-6923A268CA96}.Release|Any CPU.ActiveCfg = Release|Any CPU
		{D54262B2-7648-4F2D-917D-6923A268CA96}.Release|Any CPU.Build.0 = Release|Any CPU
		{1391478D-AB03-48B5-A8E6-3B1FB04A5D1E}.Debug|Any CPU.ActiveCfg = Debug|Any CPU
		{1391478D-AB03-48B5-A8E6-3B1FB04A5D1E}.Debug|Any CPU.Build.0 = Debug|Any CPU
		{1391478D-AB03-48B5-A8E6-3B1FB04A5D1E}.Release|Any CPU.ActiveCfg = Release|Any CPU
		{1391478D-AB03-48B5-A8E6-3B1FB04A5D1E}.Release|Any CPU.Build.0 = Release|Any CPU
		{A182891E-AFBE-427F-ACF8-231879A52056}.Debug|Any CPU.ActiveCfg = Debug|Any CPU
		{A182891E-AFBE-427F-ACF8-231879A52056}.Debug|Any CPU.Build.0 = Debug|Any CPU
		{A182891E-AFBE-427F-ACF8-231879A52056}.Release|Any CPU.ActiveCfg = Release|Any CPU
		{A182891E-AFBE-427F-ACF8-231879A52056}.Release|Any CPU.Build.0 = Release|Any CPU
		{5E7F24E7-BC38-439C-9447-26746D15634B}.Debug|Any CPU.ActiveCfg = Debug|Any CPU
		{5E7F24E7-BC38-439C-9447-26746D15634B}.Debug|Any CPU.Build.0 = Debug|Any CPU
		{5E7F24E7-BC38-439C-9447-26746D15634B}.Release|Any CPU.ActiveCfg = Release|Any CPU
		{5E7F24E7-BC38-439C-9447-26746D15634B}.Release|Any CPU.Build.0 = Release|Any CPU
		{EEE225B3-471E-4E5C-B200-EB358E5DBF4A}.Debug|Any CPU.ActiveCfg = Debug|Any CPU
		{EEE225B3-471E-4E5C-B200-EB358E5DBF4A}.Debug|Any CPU.Build.0 = Debug|Any CPU
		{EEE225B3-471E-4E5C-B200-EB358E5DBF4A}.Release|Any CPU.ActiveCfg = Release|Any CPU
		{EEE225B3-471E-4E5C-B200-EB358E5DBF4A}.Release|Any CPU.Build.0 = Release|Any CPU
		{C6FE0345-FBE7-519E-268B-36EA96EE20F6}.Debug|Any CPU.ActiveCfg = Debug|Any CPU
		{C6FE0345-FBE7-519E-268B-36EA96EE20F6}.Debug|Any CPU.Build.0 = Debug|Any CPU
		{C6FE0345-FBE7-519E-268B-36EA96EE20F6}.Debug|Any CPU.Deploy.0 = Debug|Any CPU
		{C6FE0345-FBE7-519E-268B-36EA96EE20F6}.Release|Any CPU.ActiveCfg = Release|Any CPU
		{C6FE0345-FBE7-519E-268B-36EA96EE20F6}.Release|Any CPU.Build.0 = Release|Any CPU
		{C6FE0345-FBE7-519E-268B-36EA96EE20F6}.Release|Any CPU.Deploy.0 = Release|Any CPU
		{0FA524B9-4AD7-4914-B0BE-9DE025187592}.Debug|Any CPU.ActiveCfg = Debug|Any CPU
		{0FA524B9-4AD7-4914-B0BE-9DE025187592}.Debug|Any CPU.Build.0 = Debug|Any CPU
		{0FA524B9-4AD7-4914-B0BE-9DE025187592}.Release|Any CPU.ActiveCfg = Release|Any CPU
		{0FA524B9-4AD7-4914-B0BE-9DE025187592}.Release|Any CPU.Build.0 = Release|Any CPU
		{156EB7F6-80FE-4732-BE58-B6F4B54B9DDB}.Debug|Any CPU.ActiveCfg = Debug|Any CPU
		{156EB7F6-80FE-4732-BE58-B6F4B54B9DDB}.Debug|Any CPU.Build.0 = Debug|Any CPU
		{156EB7F6-80FE-4732-BE58-B6F4B54B9DDB}.Release|Any CPU.ActiveCfg = Release|Any CPU
		{156EB7F6-80FE-4732-BE58-B6F4B54B9DDB}.Release|Any CPU.Build.0 = Release|Any CPU
	EndGlobalSection
	GlobalSection(SolutionProperties) = preSolution
		HideSolutionNode = FALSE
	EndGlobalSection
	GlobalSection(NestedProjects) = preSolution
		{BB08FC72-3CAF-4831-BCBE-B9389571226C} = {02EA681E-C7D8-13C7-8484-4AC65E1B71E8}
		{72CF091B-5CD0-422F-AA5A-DAFD60F3D4B5} = {40C5BBE1-82C4-4405-A347-A1EBDFB8D168}
		{D54262B2-7648-4F2D-917D-6923A268CA96} = {AD5DD2C1-18A4-4B5E-AA89-F7FEDD51B0EB}
		{1391478D-AB03-48B5-A8E6-3B1FB04A5D1E} = {592C0491-2C77-4B91-AFB0-34CF12CA59B3}
		{A182891E-AFBE-427F-ACF8-231879A52056} = {6C9F3A2B-9F80-4E90-964A-BA5BAAFEB34B}
		{5E7F24E7-BC38-439C-9447-26746D15634B} = {6C9F3A2B-9F80-4E90-964A-BA5BAAFEB34B}
		{EEE225B3-471E-4E5C-B200-EB358E5DBF4A} = {7B217A3D-3D20-49AC-B9CD-4814AF701CF8}
		{C6FE0345-FBE7-519E-268B-36EA96EE20F6} = {ED87F6A9-FA56-46F4-BF6B-A8FE7FDB5244}
		{0FA524B9-4AD7-4914-B0BE-9DE025187592} = {ED87F6A9-FA56-46F4-BF6B-A8FE7FDB5244}
		{156EB7F6-80FE-4732-BE58-B6F4B54B9DDB} = {C64B781C-54FA-441C-B796-C57803C1FA92}
	EndGlobalSection
	GlobalSection(ExtensibilityGlobals) = postSolution
		SolutionGuid = {41E06F6C-D24F-4AA1-877F-EB911AE5B157}
	EndGlobalSection
EndGlobal
